Microsoft Visual Studio Solution File, Format Version 12.00
# Visual Studio Version 17
VisualStudioVersion = 17.5.2.0
MinimumVisualStudioVersion = 10.0.40219.1
Project("{FAE04EC0-301F-11D3-BF4B-00C04F79EFBC}") = "drawflow-playground", "drawflow-playground.csproj", "{A726A8A5-F2DD-E9F7-B087-BACE625E4C60}"
EndProject
Global
	GlobalSection(SolutionConfigurationPlatforms) = preSolution
		Debug|Any CPU = Debug|Any CPU
		Release|Any CPU = Release|Any CPU
	EndGlobalSection
	GlobalSection(ProjectConfigurationPlatforms) = postSolution
		{A726A8A5-F2DD-E9F7-B087-BACE625E4C60}.Debug|Any CPU.ActiveCfg = Debug|Any CPU
		{A726A8A5-F2DD-E9F7-B087-BACE625E4C60}.Debug|Any CPU.Build.0 = Debug|Any CPU
		{A726A8A5-F2DD-E9F7-B087-BACE625E4C60}.Release|Any CPU.ActiveCfg = Release|Any CPU
		{A726A8A5-F2DD-E9F7-B087-BACE625E4C60}.Release|Any CPU.Build.0 = Release|Any CPU
	EndGlobalSection
	GlobalSection(SolutionProperties) = preSolution
		HideSolutionNode = FALSE
	EndGlobalSection
	GlobalSection(ExtensibilityGlobals) = postSolution
		SolutionGuid = {CE5D48FE-8568-4CDA-B0F5-3A69F39728B7}
	EndGlobalSection
EndGlobal
